
Microsoft Visual Studio Solution File, Format Version 12.00
# Visual Studio Version 16
VisualStudioVersion = 16.0.29318.209
MinimumVisualStudioVersion = 10.0.40219.1
Project("{FAE04EC0-301F-11D3-BF4B-00C04F79EFBC}") = "Example_Portfolio", "Example_Portfolio\Example_Portfolio.csproj", "{1FA3B55F-AC8A-4702-9E98-0FC3479CF0F5}"
EndProject
Global
	GlobalSection(SolutionConfigurationPlatforms) = preSolution
		Debug|Any CPU = Debug|Any CPU
		Release|Any CPU = Release|Any CPU
	EndGlobalSection
	GlobalSection(ProjectConfigurationPlatforms) = postSolution
		{1FA3B55F-AC8A-4702-9E98-0FC3479CF0F5}.Debug|Any CPU.ActiveCfg = Debug|Any CPU
		{1FA3B55F-AC8A-4702-9E98-0FC3479CF0F5}.Debug|Any CPU.Build.0 = Debug|Any CPU
		{1FA3B55F-AC8A-4702-9E98-0FC3479CF0F5}.Release|Any CPU.ActiveCfg = Release|Any CPU
		{1FA3B55F-AC8A-4702-9E98-0FC3479CF0F5}.Release|Any CPU.Build.0 = Release|Any CPU
	EndGlobalSection
	GlobalSection(SolutionProperties) = preSolution
		HideSolutionNode = FALSE
	EndGlobalSection
	GlobalSection(ExtensibilityGlobals) = postSolution
		SolutionGuid = {FDEEAD6B-4E65-469D-849E-07EA8695B149}
	EndGlobalSection
EndGlobal
